
Microsoft Visual Studio Solution File, Format Version 12.00
# Visual Studio Version 17
VisualStudioVersion = 17.11.35222.181
MinimumVisualStudioVersion = 10.0.40219.1
Project("{9A19103F-16F7-4668-BE54-9A1E7A4F7556}") = "AuthenticationAPI", "AuthenticationAPI\AuthenticationAPI.csproj", "{5E1E3622-910C-4E8C-96BC-F430A6899434}"
EndProject
Project("{9A19103F-16F7-4668-BE54-9A1E7A4F7556}") = "Gateway", "Gateway\Gateway.csproj", "{5FD57188-E671-489F-9BE0-50E382355B9C}"
EndProject
Project("{FAE04EC0-301F-11D3-BF4B-00C04F79EFBC}") = "DisasterManager", "DisasterManager\DisasterManager.csproj", "{09CAFF53-FC3A-4182-9F4C-D2B5B308D4EE}"
EndProject
Global
	GlobalSection(SolutionConfigurationPlatforms) = preSolution
		Debug|Any CPU = Debug|Any CPU
		Release|Any CPU = Release|Any CPU
	EndGlobalSection
	GlobalSection(ProjectConfigurationPlatforms) = postSolution
		{5E1E3622-910C-4E8C-96BC-F430A6899434}.Debug|Any CPU.ActiveCfg = Debug|Any CPU
		{5E1E3622-910C-4E8C-96BC-F430A6899434}.Debug|Any CPU.Build.0 = Debug|Any CPU
		{5E1E3622-910C-4E8C-96BC-F430A6899434}.Release|Any CPU.ActiveCfg = Release|Any CPU
		{5E1E3622-910C-4E8C-96BC-F430A6899434}.Release|Any CPU.Build.0 = Release|Any CPU
		{5FD57188-E671-489F-9BE0-50E382355B9C}.Debug|Any CPU.ActiveCfg = Debug|Any CPU
		{5FD57188-E671-489F-9BE0-50E382355B9C}.Debug|Any CPU.Build.0 = Debug|Any CPU
		{5FD57188-E671-489F-9BE0-50E382355B9C}.Release|Any CPU.ActiveCfg = Release|Any CPU
		{5FD57188-E671-489F-9BE0-50E382355B9C}.Release|Any CPU.Build.0 = Release|Any CPU
		{09CAFF53-FC3A-4182-9F4C-D2B5B308D4EE}.Debug|Any CPU.ActiveCfg = Debug|Any CPU
		{09CAFF53-FC3A-4182-9F4C-D2B5B308D4EE}.Debug|Any CPU.Build.0 = Debug|Any CPU
		{09CAFF53-FC3A-4182-9F4C-D2B5B308D4EE}.Release|Any CPU.ActiveCfg = Release|Any CPU
		{09CAFF53-FC3A-4182-9F4C-D2B5B308D4EE}.Release|Any CPU.Build.0 = Release|Any CPU
	EndGlobalSection
	GlobalSection(SolutionProperties) = preSolution
		HideSolutionNode = FALSE
	EndGlobalSection
	GlobalSection(ExtensibilityGlobals) = postSolution
		SolutionGuid = {AA43FAAD-7641-4641-87D7-08D4595C1F32}
	EndGlobalSection
EndGlobal
