
Microsoft Visual Studio Solution File, Format Version 12.00
# Visual Studio Version 17
VisualStudioVersion = 17.11.35222.181
MinimumVisualStudioVersion = 10.0.40219.1
Project("{FAE04EC0-301F-11D3-BF4B-00C04F79EFBC}") = "AuthenticationAPI", "AuthenticationAPI\AuthenticationAPI.csproj", "{5E1E3622-910C-4E8C-96BC-F430A6899434}"
EndProject
Global
	GlobalSection(SolutionConfigurationPlatforms) = preSolution
		Debug|Any CPU = Debug|Any CPU
		Release|Any CPU = Release|Any CPU
	EndGlobalSection
	GlobalSection(ProjectConfigurationPlatforms) = postSolution
		{5E1E3622-910C-4E8C-96BC-F430A6899434}.Debug|Any CPU.ActiveCfg = Debug|Any CPU
		{5E1E3622-910C-4E8C-96BC-F430A6899434}.Debug|Any CPU.Build.0 = Debug|Any CPU
		{5E1E3622-910C-4E8C-96BC-F430A6899434}.Release|Any CPU.ActiveCfg = Release|Any CPU
		{5E1E3622-910C-4E8C-96BC-F430A6899434}.Release|Any CPU.Build.0 = Release|Any CPU
	EndGlobalSection
	GlobalSection(SolutionProperties) = preSolution
		HideSolutionNode = FALSE
	EndGlobalSection
	GlobalSection(ExtensibilityGlobals) = postSolution
		SolutionGuid = {AA43FAAD-7641-4641-87D7-08D4595C1F32}
	EndGlobalSection
EndGlobal
